github.com/ecromaneli-golang/console v0.2.2 h1:oxx5GhMzP7XJTyEBTdyWk+kckOS2TtnKQe59aeTqiDo=
github.com/ecromaneli-golang/console v0.2.2/go.mod h1:v9yAjzFFTvtMWyU/WaN4hHlMVGBdI5dtx3xM7uJGB8s=
github.com/ecromaneli-golang/http v0.5.1 h1:DQPi0sXHl3mGZcTEmoPIxZugbXYBMskDY3OKH8NZfTE=
github.com/ecromaneli-golang/http v0.5.1/go.mod h1:uIRX8Z0hGyF9JCao6CdZGXD6Z+dgD8vWuU91IbzXg0U=
github.com/google/brotli/go/cbrotli v0.0.0-20220512075048-9801a2c5d6c6 h1:mLN9PQMmBEI9rbjkipK1JbAxCqtgUnoDasfQhnb4sio=
github.com/google/brotli/go/cbrotli v0.0.0-20220512075048-9801a2c5d6c6/go.mod h1:nOPhAkwVliJdNTkj3gXpljmWhjc4wCaVqbMJcPKWP4s=
