github.com/ecromaneli-golang/console v0.2.2 h1:oxx5GhMzP7XJTyEBTdyWk+kckOS2TtnKQe59aeTqiDo=
github.com/ecromaneli-golang/console v0.2.2/go.mod h1:v9yAjzFFTvtMWyU/WaN4hHlMVGBdI5dtx3xM7uJGB8s=
github.com/ecromaneli-golang/http v0.5.0 h1:PV8uY2SiXHXCdT+0NkO1auYxDRDx5UkVaPzINXV5ANU=
github.com/ecromaneli-golang/http v0.5.0/go.mod h1:uIRX8Z0hGyF9JCao6CdZGXD6Z+dgD8vWuU91IbzXg0U=
